
Microsoft Visual Studio Solution File, Format Version 12.00
# Visual Studio Version 16
VisualStudioVersion = 16.0.31112.23
MinimumVisualStudioVersion = 10.0.40219.1
Project("{FAE04EC0-301F-11D3-BF4B-00C04F79EFBC}") = "CalculadoraTesteAutomatizado", "CalculadoraTesteAutomatizado\CalculadoraTesteAutomatizado.csproj", "{289C6DB9-63FC-48AA-B91A-EB0C38C4F30A}"
EndProject
Global
	GlobalSection(SolutionConfigurationPlatforms) = preSolution
		Debug|Any CPU = Debug|Any CPU
		Release|Any CPU = Release|Any CPU
	EndGlobalSection
	GlobalSection(ProjectConfigurationPlatforms) = postSolution
		{289C6DB9-63FC-48AA-B91A-EB0C38C4F30A}.Debug|Any CPU.ActiveCfg = Debug|Any CPU
		{289C6DB9-63FC-48AA-B91A-EB0C38C4F30A}.Debug|Any CPU.Build.0 = Debug|Any CPU
		{289C6DB9-63FC-48AA-B91A-EB0C38C4F30A}.Release|Any CPU.ActiveCfg = Release|Any CPU
		{289C6DB9-63FC-48AA-B91A-EB0C38C4F30A}.Release|Any CPU.Build.0 = Release|Any CPU
	EndGlobalSection
	GlobalSection(SolutionProperties) = preSolution
		HideSolutionNode = FALSE
	EndGlobalSection
	GlobalSection(ExtensibilityGlobals) = postSolution
		SolutionGuid = {94FC77D5-3D7B-4532-BDA5-A5F583969E3B}
	EndGlobalSection
EndGlobal
